// !$*UTF8*$!
{
	archiveVersion = 1;
	classes = {
	};
	objectVersion = 46;
	objects = {

/* Begin PBXBuildFile section */
		4C66F6C11DD5734500E0729C /* main.m in Sources */ = {isa = PBXBuildFile; fileRef = 4C66F6C01DD5734500E0729C /* main.m */; };
		4C66F6C71DD5734500E0729C /* ViewController.m in Sources */ = {isa = PBXBuildFile; fileRef = 4C66F6C61DD5734500E0729C /* ViewController.m */; };
		4C66F6CA1DD5734500E0729C /* Main.storyboard in Resources */ = {isa = PBXBuildFile; fileRef = 4C66F6C81DD5734500E0729C /* Main.storyboard */; };
		4C66F6CC1DD5734500E0729C /* Assets.xcassets in Resources */ = {isa = PBXBuildFile; fileRef = 4C66F6CB1DD5734500E0729C /* Assets.xcassets */; };
		4C66F6CF1DD5734500E0729C /* LaunchScreen.storyboard in Resources */ = {isa = PBXBuildFile; fileRef = 4C66F6CD1DD5734500E0729C /* LaunchScreen.storyboard */; };
		4C66F6DA1DD5734600E0729C /* MichaelObjectTests.m in Sources */ = {isa = PBXBuildFile; fileRef = 4C66F6D91DD5734600E0729C /* MichaelObjectTests.m */; };
		4C66F6E51DD5734600E0729C /* MichaelObjectUITests.m in Sources */ = {isa = PBXBuildFile; fileRef = 4C66F6E41DD5734600E0729C /* MichaelObjectUITests.m */; };
		4CCEEE071DD96A6200674BD1 /* jpush-ios-2.2.0.a in Frameworks */ = {isa = PBXBuildFile; fileRef = 4CCEEE051DD96A6200674BD1 /* jpush-ios-2.2.0.a */; };
		4CF0E9691DD57E9200D777D7 /* BaseViewController.m in Sources */ = {isa = PBXBuildFile; fileRef = 4CF0E95C1DD57E9200D777D7 /* BaseViewController.m */; };
		4CF0E96F1DD57F4300D777D7 /* ConstantData.m in Sources */ = {isa = PBXBuildFile; fileRef = 4CF0E96D1DD57F4300D777D7 /* ConstantData.m */; };
		4CF0E9781DD5803100D777D7 /* NSDate+DYExtension.m in Sources */ = {isa = PBXBuildFile; fileRef = 4CF0E9711DD5803100D777D7 /* NSDate+DYExtension.m */; };
		4CF0E9791DD5803100D777D7 /* NSString+DYExtension.m in Sources */ = {isa = PBXBuildFile; fileRef = 4CF0E9731DD5803100D777D7 /* NSString+DYExtension.m */; };
		4CF0E97A1DD5803100D777D7 /* UIImage+ImageEffects.m in Sources */ = {isa = PBXBuildFile; fileRef = 4CF0E9751DD5803100D777D7 /* UIImage+ImageEffects.m */; };
		4CF0E97B1DD5803100D777D7 /* UIView+DYExtension.m in Sources */ = {isa = PBXBuildFile; fileRef = 4CF0E9771DD5803100D777D7 /* UIView+DYExtension.m */; };
		4CF0E9811DD5812D00D777D7 /* AppDelegate.m in Sources */ = {isa = PBXBuildFile; fileRef = 4CF0E9801DD5812D00D777D7 /* AppDelegate.m */; };
		4CF0E99A1DD5979700D777D7 /* ApiBase.m in Sources */ = {isa = PBXBuildFile; fileRef = 4CF0E9901DD5979700D777D7 /* ApiBase.m */; };
		4CF0E99C1DD5979700D777D7 /* InterfaceBase.m in Sources */ = {isa = PBXBuildFile; fileRef = 4CF0E9941DD5979700D777D7 /* InterfaceBase.m */; };
		4CF0E99F1DD5981A00D777D7 /* Global.m in Sources */ = {isa = PBXBuildFile; fileRef = 4CF0E99E1DD5981A00D777D7 /* Global.m */; };
		4CF0E9B21DD5985900D777D7 /* DateUtil.m in Sources */ = {isa = PBXBuildFile; fileRef = 4CF0E9A21DD5985900D777D7 /* DateUtil.m */; };
		4CF0E9B31DD5985900D777D7 /* ImgUtil.m in Sources */ = {isa = PBXBuildFile; fileRef = 4CF0E9A51DD5985900D777D7 /* ImgUtil.m */; };
		4CF0E9B41DD5985900D777D7 /* JPushUtil.m in Sources */ = {isa = PBXBuildFile; fileRef = 4CF0E9A81DD5985900D777D7 /* JPushUtil.m */; };
		4CF0E9B51DD5985900D777D7 /* MD5Util.m in Sources */ = {isa = PBXBuildFile; fileRef = 4CF0E9AB1DD5985900D777D7 /* MD5Util.m */; };
		4CF0E9B61DD5985900D777D7 /* StringUtil.m in Sources */ = {isa = PBXBuildFile; fileRef = 4CF0E9AE1DD5985900D777D7 /* StringUtil.m */; };
		4CF0E9B71DD5985900D777D7 /* TextFieldUtil.m in Sources */ = {isa = PBXBuildFile; fileRef = 4CF0E9B11DD5985900D777D7 /* TextFieldUtil.m */; };
		DA059FA2911136E0763367D2 /* libPods.a in Frameworks */ = {isa = PBXBuildFile; fileRef = 33C11E9F48677A6B2316D2F2 /* libPods.a */; };
/* End PBXBuildFile section */

/* Begin PBXContainerItemProxy section */
		4C66F6D61DD5734600E0729C /* PBXContainerItemProxy */ = {
			isa = PBXContainerItemProxy;
			containerPortal = 4C66F6B41DD5734500E0729C /* Project object */;
			proxyType = 1;
			remoteGlobalIDString = 4C66F6BB1DD5734500E0729C;
			remoteInfo = MichaelObject;
		};
		4C66F6E11DD5734600E0729C /* PBXContainerItemProxy */ = {
			isa = PBXContainerItemProxy;
			containerPortal = 4C66F6B41DD5734500E0729C /* Project object */;
			proxyType = 1;
			remoteGlobalIDString = 4C66F6BB1DD5734500E0729C;
			remoteInfo = MichaelObject;
		};
/* End PBXContainerItemProxy section */

/* Begin PBXFileReference section */
		1980D13EA172F534BBD2E549 /* Pods.debug.xcconfig */ = {isa = PBXFileReference; includeInIndex = 1; lastKnownFileType = text.xcconfig; name = Pods.debug.xcconfig; path = "Pods/Target Support Files/Pods/Pods.debug.xcconfig"; sourceTree = "<group>"; };
		33C11E9F48677A6B2316D2F2 /* libPods.a */ = {isa = PBXFileReference; explicitFileType = archive.ar; includeInIndex = 0; path = libPods.a; sourceTree = BUILT_PRODUCTS_DIR; };
		4C66F6BC1DD5734500E0729C /* MichaelObject.app */ = {isa = PBXFileReference; explicitFileType = wrapper.application; includeInIndex = 0; path = MichaelObject.app; sourceTree = BUILT_PRODUCTS_DIR; };
		4C66F6C01DD5734500E0729C /* main.m */ = {isa = PBXFileReference; lastKnownFileType = sourcecode.c.objc; path = main.m; sourceTree = "<group>"; };
		4C66F6C51DD5734500E0729C /* ViewController.h */ = {isa = PBXFileReference; lastKnownFileType = sourcecode.c.h; name = ViewController.h; path = ../ViewController.h; sourceTree = "<group>"; };
		4C66F6C61DD5734500E0729C /* ViewController.m */ = {isa = PBXFileReference; lastKnownFileType = sourcecode.c.objc; name = ViewController.m; path = ../ViewController.m; sourceTree = "<group>"; };
		4C66F6C91DD5734500E0729C /* Base */ = {isa = PBXFileReference; lastKnownFileType = file.storyboard; name = Base; path = Base.lproj/Main.storyboard; sourceTree = "<group>"; };
		4C66F6CB1DD5734500E0729C /* Assets.xcassets */ = {isa = PBXFileReference; lastKnownFileType = folder.assetcatalog; name = Assets.xcassets; path = ../Assets.xcassets; sourceTree = "<group>"; };
		4C66F6CE1DD5734500E0729C /* Base */ = {isa = PBXFileReference; lastKnownFileType = file.storyboard; name = Base; path = Base.lproj/LaunchScreen.storyboard; sourceTree = "<group>"; };
		4C66F6D01DD5734500E0729C /* Info.plist */ = {isa = PBXFileReference; lastKnownFileType = text.plist.xml; name = Info.plist; path = ../Info.plist; sourceTree = "<group>"; };
		4C66F6D51DD5734600E0729C /* MichaelObjectTests.xctest */ = {isa = PBXFileReference; explicitFileType = wrapper.cfbundle; includeInIndex = 0; path = MichaelObjectTests.xctest; sourceTree = BUILT_PRODUCTS_DIR; };
		4C66F6D91DD5734600E0729C /* MichaelObjectTests.m */ = {isa = PBXFileReference; lastKnownFileType = sourcecode.c.objc; path = MichaelObjectTests.m; sourceTree = "<group>"; };
		4C66F6DB1DD5734600E0729C /* Info.plist */ = {isa = PBXFileReference; lastKnownFileType = text.plist.xml; path = Info.plist; sourceTree = "<group>"; };
		4C66F6E01DD5734600E0729C /* MichaelObjectUITests.xctest */ = {isa = PBXFileReference; explicitFileType = wrapper.cfbundle; includeInIndex = 0; path = MichaelObjectUITests.xctest; sourceTree = BUILT_PRODUCTS_DIR; };
		4C66F6E41DD5734600E0729C /* MichaelObjectUITests.m */ = {isa = PBXFileReference; lastKnownFileType = sourcecode.c.objc; path = MichaelObjectUITests.m; sourceTree = "<group>"; };
		4C66F6E61DD5734600E0729C /* Info.plist */ = {isa = PBXFileReference; lastKnownFileType = text.plist.xml; path = Info.plist; sourceTree = "<group>"; };
		4CCEEE051DD96A6200674BD1 /* jpush-ios-2.2.0.a */ = {isa = PBXFileReference; lastKnownFileType = archive.ar; path = "jpush-ios-2.2.0.a"; sourceTree = "<group>"; };
		4CCEEE061DD96A6200674BD1 /* JPUSHService.h */ = {isa = PBXFileReference; fileEncoding = 4; lastKnownFileType = sourcecode.c.h; path = JPUSHService.h; sourceTree = "<group>"; };
		4CF0E95B1DD57E9200D777D7 /* BaseViewController.h */ = {isa = PBXFileReference; fileEncoding = 4; lastKnownFileType = sourcecode.c.h; path = BaseViewController.h; sourceTree = "<group>"; };
		4CF0E95C1DD57E9200D777D7 /* BaseViewController.m */ = {isa = PBXFileReference; fileEncoding = 4; lastKnownFileType = sourcecode.c.objc; path = BaseViewController.m; sourceTree = "<group>"; };
		4CF0E96A1DD57F4300D777D7 /* AppConfig.h */ = {isa = PBXFileReference; fileEncoding = 4; lastKnownFileType = sourcecode.c.h; path = AppConfig.h; sourceTree = "<group>"; };
		4CF0E96B1DD57F4300D777D7 /* Config.h */ = {isa = PBXFileReference; fileEncoding = 4; lastKnownFileType = sourcecode.c.h; path = Config.h; sourceTree = "<group>"; };
		4CF0E96C1DD57F4300D777D7 /* ConstantData.h */ = {isa = PBXFileReference; fileEncoding = 4; lastKnownFileType = sourcecode.c.h; path = ConstantData.h; sourceTree = "<group>"; };
		4CF0E96D1DD57F4300D777D7 /* ConstantData.m */ = {isa = PBXFileReference; fileEncoding = 4; lastKnownFileType = sourcecode.c.objc; path = ConstantData.m; sourceTree = "<group>"; };
		4CF0E96E1DD57F4300D777D7 /* NotificationManager.h */ = {isa = PBXFileReference; fileEncoding = 4; lastKnownFileType = sourcecode.c.h; path = NotificationManager.h; sourceTree = "<group>"; };
		4CF0E9701DD5803100D777D7 /* NSDate+DYExtension.h */ = {isa = PBXFileReference; fileEncoding = 4; lastKnownFileType = sourcecode.c.h; path = "NSDate+DYExtension.h"; sourceTree = "<group>"; };
		4CF0E9711DD5803100D777D7 /* NSDate+DYExtension.m */ = {isa = PBXFileReference; fileEncoding = 4; lastKnownFileType = sourcecode.c.objc; path = "NSDate+DYExtension.m"; sourceTree = "<group>"; };
		4CF0E9721DD5803100D777D7 /* NSString+DYExtension.h */ = {isa = PBXFileReference; fileEncoding = 4; lastKnownFileType = sourcecode.c.h; path = "NSString+DYExtension.h"; sourceTree = "<group>"; };
		4CF0E9731DD5803100D777D7 /* NSString+DYExtension.m */ = {isa = PBXFileReference; fileEncoding = 4; lastKnownFileType = sourcecode.c.objc; path = "NSString+DYExtension.m"; sourceTree = "<group>"; };
		4CF0E9741DD5803100D777D7 /* UIImage+ImageEffects.h */ = {isa = PBXFileReference; fileEncoding = 4; lastKnownFileType = sourcecode.c.h; path = "UIImage+ImageEffects.h"; sourceTree = "<group>"; };
		4CF0E9751DD5803100D777D7 /* UIImage+ImageEffects.m */ = {isa = PBXFileReference; fileEncoding = 4; lastKnownFileType = sourcecode.c.objc; path = "UIImage+ImageEffects.m"; sourceTree = "<group>"; };
		4CF0E9761DD5803100D777D7 /* UIView+DYExtension.h */ = {isa = PBXFileReference; fileEncoding = 4; lastKnownFileType = sourcecode.c.h; path = "UIView+DYExtension.h"; sourceTree = "<group>"; };
		4CF0E9771DD5803100D777D7 /* UIView+DYExtension.m */ = {isa = PBXFileReference; fileEncoding = 4; lastKnownFileType = sourcecode.c.objc; path = "UIView+DYExtension.m"; sourceTree = "<group>"; };
		4CF0E97F1DD5812D00D777D7 /* AppDelegate.h */ = {isa = PBXFileReference; fileEncoding = 4; lastKnownFileType = sourcecode.c.h; name = AppDelegate.h; path = ../AppDelegate.h; sourceTree = "<group>"; };
		4CF0E9801DD5812D00D777D7 /* AppDelegate.m */ = {isa = PBXFileReference; fileEncoding = 4; lastKnownFileType = sourcecode.c.objc; name = AppDelegate.m; path = ../AppDelegate.m; sourceTree = "<group>"; };
		4CF0E98F1DD5979700D777D7 /* ApiBase.h */ = {isa = PBXFileReference; fileEncoding = 4; lastKnownFileType = sourcecode.c.h; path = ApiBase.h; sourceTree = "<group>"; };
		4CF0E9901DD5979700D777D7 /* ApiBase.m */ = {isa = PBXFileReference; fileEncoding = 4; lastKnownFileType = sourcecode.c.objc; path = ApiBase.m; sourceTree = "<group>"; };
		4CF0E9931DD5979700D777D7 /* InterfaceBase.h */ = {isa = PBXFileReference; fileEncoding = 4; lastKnownFileType = sourcecode.c.h; path = InterfaceBase.h; sourceTree = "<group>"; };
		4CF0E9941DD5979700D777D7 /* InterfaceBase.m */ = {isa = PBXFileReference; fileEncoding = 4; lastKnownFileType = sourcecode.c.objc; path = InterfaceBase.m; sourceTree = "<group>"; };
		4CF0E99D1DD5981A00D777D7 /* Global.h */ = {isa = PBXFileReference; fileEncoding = 4; lastKnownFileType = sourcecode.c.h; path = Global.h; sourceTree = "<group>"; };
		4CF0E99E1DD5981A00D777D7 /* Global.m */ = {isa = PBXFileReference; fileEncoding = 4; lastKnownFileType = sourcecode.c.objc; path = Global.m; sourceTree = "<group>"; };
		4CF0E9A11DD5985900D777D7 /* DateUtil.h */ = {isa = PBXFileReference; fileEncoding = 4; lastKnownFileType = sourcecode.c.h; path = DateUtil.h; sourceTree = "<group>"; };
		4CF0E9A21DD5985900D777D7 /* DateUtil.m */ = {isa = PBXFileReference; fileEncoding = 4; lastKnownFileType = sourcecode.c.objc; path = DateUtil.m; sourceTree = "<group>"; };
		4CF0E9A41DD5985900D777D7 /* ImgUtil.h */ = {isa = PBXFileReference; fileEncoding = 4; lastKnownFileType = sourcecode.c.h; path = ImgUtil.h; sourceTree = "<group>"; };
		4CF0E9A51DD5985900D777D7 /* ImgUtil.m */ = {isa = PBXFileReference; fileEncoding = 4; lastKnownFileType = sourcecode.c.objc; path = ImgUtil.m; sourceTree = "<group>"; };
		4CF0E9A71DD5985900D777D7 /* JPushUtil.h */ = {isa = PBXFileReference; fileEncoding = 4; lastKnownFileType = sourcecode.c.h; path = JPushUtil.h; sourceTree = "<group>"; };
		4CF0E9A81DD5985900D777D7 /* JPushUtil.m */ = {isa = PBXFileReference; fileEncoding = 4; lastKnownFileType = sourcecode.c.objc; path = JPushUtil.m; sourceTree = "<group>"; };
		4CF0E9AA1DD5985900D777D7 /* MD5Util.h */ = {isa = PBXFileReference; fileEncoding = 4; lastKnownFileType = sourcecode.c.h; path = MD5Util.h; sourceTree = "<group>"; };
		4CF0E9AB1DD5985900D777D7 /* MD5Util.m */ = {isa = PBXFileReference; fileEncoding = 4; lastKnownFileType = sourcecode.c.objc; path = MD5Util.m; sourceTree = "<group>"; };
		4CF0E9AD1DD5985900D777D7 /* StringUtil.h */ = {isa = PBXFileReference; fileEncoding = 4; lastKnownFileType = sourcecode.c.h; path = StringUtil.h; sourceTree = "<group>"; };
		4CF0E9AE1DD5985900D777D7 /* StringUtil.m */ = {isa = PBXFileReference; fileEncoding = 4; lastKnownFileType = sourcecode.c.objc; path = StringUtil.m; sourceTree = "<group>"; };
		4CF0E9B01DD5985900D777D7 /* TextFieldUtil.h */ = {isa = PBXFileReference; fileEncoding = 4; lastKnownFileType = sourcecode.c.h; path = TextFieldUtil.h; sourceTree = "<group>"; };
		4CF0E9B11DD5985900D777D7 /* TextFieldUtil.m */ = {isa = PBXFileReference; fileEncoding = 4; lastKnownFileType = sourcecode.c.objc; path = TextFieldUtil.m; sourceTree = "<group>"; };
		B1E30FCE8BB3607F96F96994 /* Pods.release.xcconfig */ = {isa = PBXFileReference; includeInIndex = 1; lastKnownFileType = text.xcconfig; name = Pods.release.xcconfig; path = "Pods/Target Support Files/Pods/Pods.release.xcconfig"; sourceTree = "<group>"; };
/* End PBXFileReference section */

/* Begin PBXFrameworksBuildPhase section */
		4C66F6B91DD5734500E0729C /* Frameworks */ = {
			isa = PBXFrameworksBuildPhase;
			buildActionMask = 2147483647;
			files = (
				DA059FA2911136E0763367D2 /* libPods.a in Frameworks */,
				4CCEEE071DD96A6200674BD1 /* jpush-ios-2.2.0.a in Frameworks */,
			);
			runOnlyForDeploymentPostprocessing = 0;
		};
		4C66F6D21DD5734600E0729C /* Frameworks */ = {
			isa = PBXFrameworksBuildPhase;
			buildActionMask = 2147483647;
			files = (
			);
			runOnlyForDeploymentPostprocessing = 0;
		};
		4C66F6DD1DD5734600E0729C /* Frameworks */ = {
			isa = PBXFrameworksBuildPhase;
			buildActionMask = 2147483647;
			files = (
			);
			runOnlyForDeploymentPostprocessing = 0;
		};
/* End PBXFrameworksBuildPhase section */

/* Begin PBXGroup section */
		4C66F6B31DD5734500E0729C = {
			isa = PBXGroup;
			children = (
				4C66F6BE1DD5734500E0729C /* MichaelObject */,
				4C66F6D81DD5734600E0729C /* MichaelObjectTests */,
				4C66F6E31DD5734600E0729C /* MichaelObjectUITests */,
				4C66F6BD1DD5734500E0729C /* Products */,
				F24771C44E2CD13CD0066E42 /* Pods */,
				FDE1FCA8492711497F05D963 /* Frameworks */,
			);
			sourceTree = "<group>";
		};
		4C66F6BD1DD5734500E0729C /* Products */ = {
			isa = PBXGroup;
			children = (
				4C66F6BC1DD5734500E0729C /* MichaelObject.app */,
				4C66F6D51DD5734600E0729C /* MichaelObjectTests.xctest */,
				4C66F6E01DD5734600E0729C /* MichaelObjectUITests.xctest */,
			);
			name = Products;
			sourceTree = "<group>";
		};
		4C66F6BE1DD5734500E0729C /* MichaelObject */ = {
			isa = PBXGroup;
			children = (
				4CF0E9821DD5979700D777D7 /* Include */,
				4CF0E9531DD57E9200D777D7 /* Main */,
				4CF0E9561DD57E9200D777D7 /* Class */,
				4CF0E9621DD57E9200D777D7 /* Resources */,
				4CF0E9671DD57E9200D777D7 /* Supporting Files */,
				4C66F6BF1DD5734500E0729C /* Supporting Files */,
			);
			path = MichaelObject;
			sourceTree = "<group>";
		};
		4C66F6BF1DD5734500E0729C /* Supporting Files */ = {
			isa = PBXGroup;
			children = (
				4C66F6C01DD5734500E0729C /* main.m */,
			);
			name = "Supporting Files";
			sourceTree = "<group>";
		};
		4C66F6D81DD5734600E0729C /* MichaelObjectTests */ = {
			isa = PBXGroup;
			children = (
				4C66F6D91DD5734600E0729C /* MichaelObjectTests.m */,
				4C66F6DB1DD5734600E0729C /* Info.plist */,
			);
			path = MichaelObjectTests;
			sourceTree = "<group>";
		};
		4C66F6E31DD5734600E0729C /* MichaelObjectUITests */ = {
			isa = PBXGroup;
			children = (
				4C66F6E41DD5734600E0729C /* MichaelObjectUITests.m */,
				4C66F6E61DD5734600E0729C /* Info.plist */,
			);
			path = MichaelObjectUITests;
			sourceTree = "<group>";
		};
		4CF0E9531DD57E9200D777D7 /* Main */ = {
			isa = PBXGroup;
			children = (
				4CF0E97F1DD5812D00D777D7 /* AppDelegate.h */,
				4CF0E9801DD5812D00D777D7 /* AppDelegate.m */,
				4C66F6C51DD5734500E0729C /* ViewController.h */,
				4C66F6C61DD5734500E0729C /* ViewController.m */,
			);
			path = Main;
			sourceTree = "<group>";
		};
		4CF0E9561DD57E9200D777D7 /* Class */ = {
			isa = PBXGroup;
			children = (
				4CF0E9571DD57E9200D777D7 /* Cateqories */,
				4CF0E9581DD57E9200D777D7 /* Config */,
				4CF0E9591DD57E9200D777D7 /* Controlls */,
				4CF0E95D1DD57E9200D777D7 /* Libs */,
				4CF0E95E1DD57E9200D777D7 /* Model */,
				4CF0E95F1DD57E9200D777D7 /* Tools */,
			);
			path = Class;
			sourceTree = "<group>";
		};
		4CF0E9571DD57E9200D777D7 /* Cateqories */ = {
			isa = PBXGroup;
			children = (
				4CF0E9701DD5803100D777D7 /* NSDate+DYExtension.h */,
				4CF0E9711DD5803100D777D7 /* NSDate+DYExtension.m */,
				4CF0E9721DD5803100D777D7 /* NSString+DYExtension.h */,
				4CF0E9731DD5803100D777D7 /* NSString+DYExtension.m */,
				4CF0E9741DD5803100D777D7 /* UIImage+ImageEffects.h */,
				4CF0E9751DD5803100D777D7 /* UIImage+ImageEffects.m */,
				4CF0E9761DD5803100D777D7 /* UIView+DYExtension.h */,
				4CF0E9771DD5803100D777D7 /* UIView+DYExtension.m */,
			);
			path = Cateqories;
			sourceTree = "<group>";
		};
		4CF0E9581DD57E9200D777D7 /* Config */ = {
			isa = PBXGroup;
			children = (
				4CF0E96A1DD57F4300D777D7 /* AppConfig.h */,
				4CF0E96B1DD57F4300D777D7 /* Config.h */,
				4CF0E96C1DD57F4300D777D7 /* ConstantData.h */,
				4CF0E96D1DD57F4300D777D7 /* ConstantData.m */,
				4CF0E96E1DD57F4300D777D7 /* NotificationManager.h */,
			);
			path = Config;
			sourceTree = "<group>";
		};
		4CF0E9591DD57E9200D777D7 /* Controlls */ = {
			isa = PBXGroup;
			children = (
				4CF0E95A1DD57E9200D777D7 /* BaseViewController */,
			);
			path = Controlls;
			sourceTree = "<group>";
		};
		4CF0E95A1DD57E9200D777D7 /* BaseViewController */ = {
			isa = PBXGroup;
			children = (
				4CF0E95B1DD57E9200D777D7 /* BaseViewController.h */,
				4CF0E95C1DD57E9200D777D7 /* BaseViewController.m */,
			);
			path = BaseViewController;
			sourceTree = "<group>";
		};
		4CF0E95D1DD57E9200D777D7 /* Libs */ = {
			isa = PBXGroup;
			children = (
				4CF0E9B81DD5988600D777D7 /* JPushlib */,
			);
			path = Libs;
			sourceTree = "<group>";
		};
		4CF0E95E1DD57E9200D777D7 /* Model */ = {
			isa = PBXGroup;
			children = (
			);
			path = Model;
			sourceTree = "<group>";
		};
		4CF0E95F1DD57E9200D777D7 /* Tools */ = {
			isa = PBXGroup;
			children = (
				4CF0E9601DD57E9200D777D7 /* Global */,
				4CF0E9611DD57E9200D777D7 /* Util */,
			);
			path = Tools;
			sourceTree = "<group>";
		};
		4CF0E9601DD57E9200D777D7 /* Global */ = {
			isa = PBXGroup;
			children = (
				4CF0E99D1DD5981A00D777D7 /* Global.h */,
				4CF0E99E1DD5981A00D777D7 /* Global.m */,
			);
			path = Global;
			sourceTree = "<group>";
		};
		4CF0E9611DD57E9200D777D7 /* Util */ = {
			isa = PBXGroup;
			children = (
				4CF0E9A01DD5985900D777D7 /* DateUtil */,
				4CF0E9A31DD5985900D777D7 /* ImgUtil */,
				4CF0E9A61DD5985900D777D7 /* JPushUtil */,
				4CF0E9A91DD5985900D777D7 /* md5Util */,
				4CF0E9AC1DD5985900D777D7 /* StringUtil */,
				4CF0E9AF1DD5985900D777D7 /* TextFieldUtil */,
			);
			path = Util;
			sourceTree = "<group>";
		};
		4CF0E9621DD57E9200D777D7 /* Resources */ = {
			isa = PBXGroup;
			children = (
				4CF0E9631DD57E9200D777D7 /* Audios */,
				4CF0E9641DD57E9200D777D7 /* Images */,
				4CF0E9651DD57E9200D777D7 /* Plists */,
				4CF0E9661DD57E9200D777D7 /* Vedios */,
			);
			path = Resources;
			sourceTree = "<group>";
		};
		4CF0E9631DD57E9200D777D7 /* Audios */ = {
			isa = PBXGroup;
			children = (
			);
			path = Audios;
			sourceTree = "<group>";
		};
		4CF0E9641DD57E9200D777D7 /* Images */ = {
			isa = PBXGroup;
			children = (
			);
			path = Images;
			sourceTree = "<group>";
		};
		4CF0E9651DD57E9200D777D7 /* Plists */ = {
			isa = PBXGroup;
			children = (
			);
			path = Plists;
			sourceTree = "<group>";
		};
		4CF0E9661DD57E9200D777D7 /* Vedios */ = {
			isa = PBXGroup;
			children = (
			);
			path = Vedios;
			sourceTree = "<group>";
		};
		4CF0E9671DD57E9200D777D7 /* Supporting Files */ = {
			isa = PBXGroup;
			children = (
				4C66F6C81DD5734500E0729C /* Main.storyboard */,
				4C66F6CB1DD5734500E0729C /* Assets.xcassets */,
				4C66F6CD1DD5734500E0729C /* LaunchScreen.storyboard */,
				4C66F6D01DD5734500E0729C /* Info.plist */,
			);
			path = "Supporting Files";
			sourceTree = "<group>";
		};
		4CF0E9821DD5979700D777D7 /* Include */ = {
			isa = PBXGroup;
			children = (
				4CF0E9831DD5979700D777D7 /* Api */,
				4CF0E9951DD5979700D777D7 /* Model */,
			);
			name = Include;
			path = Class/Include;
			sourceTree = "<group>";
		};
		4CF0E9831DD5979700D777D7 /* Api */ = {
			isa = PBXGroup;
			children = (
				4CF0E9841DD5979700D777D7 /* Api */,
				4CF0E98E1DD5979700D777D7 /* ApiBase */,
			);
			path = Api;
			sourceTree = "<group>";
		};
		4CF0E9841DD5979700D777D7 /* Api */ = {
			isa = PBXGroup;
			children = (
			);
			path = Api;
			sourceTree = "<group>";
		};
		4CF0E98E1DD5979700D777D7 /* ApiBase */ = {
			isa = PBXGroup;
			children = (
				4CF0E98F1DD5979700D777D7 /* ApiBase.h */,
				4CF0E9901DD5979700D777D7 /* ApiBase.m */,
				4CF0E9931DD5979700D777D7 /* InterfaceBase.h */,
				4CF0E9941DD5979700D777D7 /* InterfaceBase.m */,
			);
			path = ApiBase;
			sourceTree = "<group>";
		};
		4CF0E9951DD5979700D777D7 /* Model */ = {
			isa = PBXGroup;
			children = (
			);
			path = Model;
			sourceTree = "<group>";
		};
		4CF0E9A01DD5985900D777D7 /* DateUtil */ = {
			isa = PBXGroup;
			children = (
				4CF0E9A11DD5985900D777D7 /* DateUtil.h */,
				4CF0E9A21DD5985900D777D7 /* DateUtil.m */,
			);
			path = DateUtil;
			sourceTree = "<group>";
		};
		4CF0E9A31DD5985900D777D7 /* ImgUtil */ = {
			isa = PBXGroup;
			children = (
				4CF0E9A41DD5985900D777D7 /* ImgUtil.h */,
				4CF0E9A51DD5985900D777D7 /* ImgUtil.m */,
			);
			path = ImgUtil;
			sourceTree = "<group>";
		};
		4CF0E9A61DD5985900D777D7 /* JPushUtil */ = {
			isa = PBXGroup;
			children = (
				4CF0E9A71DD5985900D777D7 /* JPushUtil.h */,
				4CF0E9A81DD5985900D777D7 /* JPushUtil.m */,
			);
			path = JPushUtil;
			sourceTree = "<group>";
		};
		4CF0E9A91DD5985900D777D7 /* md5Util */ = {
			isa = PBXGroup;
			children = (
				4CF0E9AA1DD5985900D777D7 /* MD5Util.h */,
				4CF0E9AB1DD5985900D777D7 /* MD5Util.m */,
			);
			path = md5Util;
			sourceTree = "<group>";
		};
		4CF0E9AC1DD5985900D777D7 /* StringUtil */ = {
			isa = PBXGroup;
			children = (
				4CF0E9AD1DD5985900D777D7 /* StringUtil.h */,
				4CF0E9AE1DD5985900D777D7 /* StringUtil.m */,
			);
			path = StringUtil;
			sourceTree = "<group>";
		};
		4CF0E9AF1DD5985900D777D7 /* TextFieldUtil */ = {
			isa = PBXGroup;
			children = (
				4CF0E9B01DD5985900D777D7 /* TextFieldUtil.h */,
				4CF0E9B11DD5985900D777D7 /* TextFieldUtil.m */,
			);
			path = TextFieldUtil;
			sourceTree = "<group>";
		};
		4CF0E9B81DD5988600D777D7 /* JPushlib */ = {
			isa = PBXGroup;
			children = (
				4CCEEE051DD96A6200674BD1 /* jpush-ios-2.2.0.a */,
				4CCEEE061DD96A6200674BD1 /* JPUSHService.h */,
			);
			path = JPushlib;
			sourceTree = "<group>";
		};
		F24771C44E2CD13CD0066E42 /* Pods */ = {
			isa = PBXGroup;
			children = (
				1980D13EA172F534BBD2E549 /* Pods.debug.xcconfig */,
				B1E30FCE8BB3607F96F96994 /* Pods.release.xcconfig */,
			);
			name = Pods;
			sourceTree = "<group>";
		};
		FDE1FCA8492711497F05D963 /* Frameworks */ = {
			isa = PBXGroup;
			children = (
				33C11E9F48677A6B2316D2F2 /* libPods.a */,
			);
			name = Frameworks;
			sourceTree = "<group>";
		};
/* End PBXGroup section */

/* Begin PBXNativeTarget section */
		4C66F6BB1DD5734500E0729C /* MichaelObject */ = {
			isa = PBXNativeTarget;
			buildConfigurationList = 4C66F6E91DD5734600E0729C /* Build configuration list for PBXNativeTarget "MichaelObject" */;
			buildPhases = (
				5885522C3DF0588DE3D1EE77 /* Check Pods Manifest.lock */,
				4C66F6B81DD5734500E0729C /* Sources */,
				4C66F6B91DD5734500E0729C /* Frameworks */,
				4C66F6BA1DD5734500E0729C /* Resources */,
				E150494E53FBCECEF447FD8A /* Embed Pods Frameworks */,
				D7C8B83397397EF73A30E132 /* Copy Pods Resources */,
			);
			buildRules = (
			);
			dependencies = (
			);
			name = MichaelObject;
			productName = MichaelObject;
			productReference = 4C66F6BC1DD5734500E0729C /* MichaelObject.app */;
			productType = "com.apple.product-type.application";
		};
		4C66F6D41DD5734600E0729C /* MichaelObjectTests */ = {
			isa = PBXNativeTarget;
			buildConfigurationList = 4C66F6EC1DD5734600E0729C /* Build configuration list for PBXNativeTarget "MichaelObjectTests" */;
			buildPhases = (
				4C66F6D11DD5734600E0729C /* Sources */,
				4C66F6D21DD5734600E0729C /* Frameworks */,
				4C66F6D31DD5734600E0729C /* Resources */,
			);
			buildRules = (
			);
			dependencies = (
				4C66F6D71DD5734600E0729C /* PBXTargetDependency */,
			);
			name = MichaelObjectTests;
			productName = MichaelObjectTests;
			productReference = 4C66F6D51DD5734600E0729C /* MichaelObjectTests.xctest */;
			productType = "com.apple.product-type.bundle.unit-test";
		};
		4C66F6DF1DD5734600E0729C /* MichaelObjectUITests */ = {
			isa = PBXNativeTarget;
			buildConfigurationList = 4C66F6EF1DD5734600E0729C /* Build configuration list for PBXNativeTarget "MichaelObjectUITests" */;
			buildPhases = (
				4C66F6DC1DD5734600E0729C /* Sources */,
				4C66F6DD1DD5734600E0729C /* Frameworks */,
				4C66F6DE1DD5734600E0729C /* Resources */,
			);
			buildRules = (
			);
			dependencies = (
				4C66F6E21DD5734600E0729C /* PBXTargetDependency */,
			);
			name = MichaelObjectUITests;
			productName = MichaelObjectUITests;
			productReference = 4C66F6E01DD5734600E0729C /* MichaelObjectUITests.xctest */;
			productType = "com.apple.product-type.bundle.ui-testing";
		};
/* End PBXNativeTarget section */

/* Begin PBXProject section */
		4C66F6B41DD5734500E0729C /* Project object */ = {
			isa = PBXProject;
			attributes = {
				LastUpgradeCheck = 0810;
				ORGANIZATIONNAME = "卢达洋";
				TargetAttributes = {
					4C66F6BB1DD5734500E0729C = {
						CreatedOnToolsVersion = 8.1;
						DevelopmentTeam = NMV968UAH7;
						ProvisioningStyle = Automatic;
					};
					4C66F6D41DD5734600E0729C = {
						CreatedOnToolsVersion = 8.1;
						DevelopmentTeam = NMV968UAH7;
						ProvisioningStyle = Automatic;
						TestTargetID = 4C66F6BB1DD5734500E0729C;
					};
					4C66F6DF1DD5734600E0729C = {
						CreatedOnToolsVersion = 8.1;
						DevelopmentTeam = NMV968UAH7;
						ProvisioningStyle = Automatic;
						TestTargetID = 4C66F6BB1DD5734500E0729C;
					};
				};
			};
			buildConfigurationList = 4C66F6B71DD5734500E0729C /* Build configuration list for PBXProject "MichaelObject" */;
			compatibilityVersion = "Xcode 3.2";
			developmentRegion = English;
			hasScannedForEncodings = 0;
			knownRegions = (
				en,
				Base,
			);
			mainGroup = 4C66F6B31DD5734500E0729C;
			productRefGroup = 4C66F6BD1DD5734500E0729C /* Products */;
			projectDirPath = "";
			projectRoot = "";
			targets = (
				4C66F6BB1DD5734500E0729C /* MichaelObject */,
				4C66F6D41DD5734600E0729C /* MichaelObjectTests */,
				4C66F6DF1DD5734600E0729C /* MichaelObjectUITests */,
			);
		};
/* End PBXProject section */

/* Begin PBXResourcesBuildPhase section */
		4C66F6BA1DD5734500E0729C /* Resources */ = {
			isa = PBXResourcesBuildPhase;
			buildActionMask = 2147483647;
			files = (
				4C66F6CF1DD5734500E0729C /* LaunchScreen.storyboard in Resources */,
				4C66F6CC1DD5734500E0729C /* Assets.xcassets in Resources */,
				4C66F6CA1DD5734500E0729C /* Main.storyboard in Resources */,
			);
			runOnlyForDeploymentPostprocessing = 0;
		};
		4C66F6D31DD5734600E0729C /* Resources */ = {
			isa = PBXResourcesBuildPhase;
			buildActionMask = 2147483647;
			files = (
			);
			runOnlyForDeploymentPostprocessing = 0;
		};
		4C66F6DE1DD5734600E0729C /* Resources */ = {
			isa = PBXResourcesBuildPhase;
			buildActionMask = 2147483647;
			files = (
			);
			runOnlyForDeploymentPostprocessing = 0;
		};
/* End PBXResourcesBuildPhase section */

/* Begin PBXShellScriptBuildPhase section */
		5885522C3DF0588DE3D1EE77 /* Check Pods Manifest.lock */ = {
			isa = PBXShellScriptBuildPhase;
			buildActionMask = 2147483647;
			files = (
			);
			inputPaths = (
			);
			name = "Check Pods Manifest.lock";
			outputPaths = (
			);
			runOnlyForDeploymentPostprocessing = 0;
			shellPath = /bin/sh;
			shellScript = "diff \"${PODS_ROOT}/../Podfile.lock\" \"${PODS_ROOT}/Manifest.lock\" > /dev/null\nif [[ $? != 0 ]] ; then\n    cat << EOM\nerror: The sandbox is not in sync with the Podfile.lock. Run 'pod install' or update your CocoaPods installation.\nEOM\n    exit 1\nfi\n";
			showEnvVarsInLog = 0;
		};
		D7C8B83397397EF73A30E132 /* Copy Pods Resources */ = {
			isa = PBXShellScriptBuildPhase;
			buildActionMask = 2147483647;
			files = (
			);
			inputPaths = (
			);
			name = "Copy Pods Resources";
			outputPaths = (
			);
			runOnlyForDeploymentPostprocessing = 0;
			shellPath = /bin/sh;
			shellScript = "\"${SRCROOT}/Pods/Target Support Files/Pods/Pods-resources.sh\"\n";
			showEnvVarsInLog = 0;
		};
		E150494E53FBCECEF447FD8A /* Embed Pods Frameworks */ = {
			isa = PBXShellScriptBuildPhase;
			buildActionMask = 2147483647;
			files = (
			);
			inputPaths = (
			);
			name = "Embed Pods Frameworks";
			outputPaths = (
			);
			runOnlyForDeploymentPostprocessing = 0;
			shellPath = /bin/sh;
			shellScript = "\"${SRCROOT}/Pods/Target Support Files/Pods/Pods-frameworks.sh\"\n";
			showEnvVarsInLog = 0;
		};
/* End PBXShellScriptBuildPhase section */

/* Begin PBXSourcesBuildPhase section */
		4C66F6B81DD5734500E0729C /* Sources */ = {
			isa = PBXSourcesBuildPhase;
			buildActionMask = 2147483647;
			files = (
				4CF0E97A1DD5803100D777D7 /* UIImage+ImageEffects.m in Sources */,
				4C66F6C71DD5734500E0729C /* ViewController.m in Sources */,
				4CF0E9B71DD5985900D777D7 /* TextFieldUtil.m in Sources */,
				4CF0E9B51DD5985900D777D7 /* MD5Util.m in Sources */,
				4CF0E9811DD5812D00D777D7 /* AppDelegate.m in Sources */,
				4CF0E9B31DD5985900D777D7 /* ImgUtil.m in Sources */,
				4CF0E9B21DD5985900D777D7 /* DateUtil.m in Sources */,
				4CF0E99F1DD5981A00D777D7 /* Global.m in Sources */,
				4CF0E9791DD5803100D777D7 /* NSString+DYExtension.m in Sources */,
				4CF0E9691DD57E9200D777D7 /* BaseViewController.m in Sources */,
				4CF0E99C1DD5979700D777D7 /* InterfaceBase.m in Sources */,
				4CF0E96F1DD57F4300D777D7 /* ConstantData.m in Sources */,
				4CF0E97B1DD5803100D777D7 /* UIView+DYExtension.m in Sources */,
				4CF0E9B61DD5985900D777D7 /* StringUtil.m in Sources */,
				4CF0E9781DD5803100D777D7 /* NSDate+DYExtension.m in Sources */,
				4C66F6C11DD5734500E0729C /* main.m in Sources */,
				4CF0E9B41DD5985900D777D7 /* JPushUtil.m in Sources */,
				4CF0E99A1DD5979700D777D7 /* ApiBase.m in Sources */,
			);
			runOnlyForDeploymentPostprocessing = 0;
		};
		4C66F6D11DD5734600E0729C /* Sources */ = {
			isa = PBXSourcesBuildPhase;
			buildActionMask = 2147483647;
			files = (
				4C66F6DA1DD5734600E0729C /* MichaelObjectTests.m in Sources */,
			);
			runOnlyForDeploymentPostprocessing = 0;
		};
		4C66F6DC1DD5734600E0729C /* Sources */ = {
			isa = PBXSourcesBuildPhase;
			buildActionMask = 2147483647;
			files = (
				4C66F6E51DD5734600E0729C /* MichaelObjectUITests.m in Sources */,
			);
			runOnlyForDeploymentPostprocessing = 0;
		};
/* End PBXSourcesBuildPhase section */

/* Begin PBXTargetDependency section */
		4C66F6D71DD5734600E0729C /* PBXTargetDependency */ = {
			isa = PBXTargetDependency;
			target = 4C66F6BB1DD5734500E0729C /* MichaelObject */;
			targetProxy = 4C66F6D61DD5734600E0729C /* PBXContainerItemProxy */;
		};
		4C66F6E21DD5734600E0729C /* PBXTargetDependency */ = {
			isa = PBXTargetDependency;
			target = 4C66F6BB1DD5734500E0729C /* MichaelObject */;
			targetProxy = 4C66F6E11DD5734600E0729C /* PBXContainerItemProxy */;
		};
/* End PBXTargetDependency section */

/* Begin PBXVariantGroup section */
		4C66F6C81DD5734500E0729C /* Main.storyboard */ = {
			isa = PBXVariantGroup;
			children = (
				4C66F6C91DD5734500E0729C /* Base */,
			);
			name = Main.storyboard;
			path = ..;
			sourceTree = "<group>";
		};
		4C66F6CD1DD5734500E0729C /* LaunchScreen.storyboard */ = {
			isa = PBXVariantGroup;
			children = (
				4C66F6CE1DD5734500E0729C /* Base */,
			);
			name = LaunchScreen.storyboard;
			path = ..;
			sourceTree = "<group>";
		};
/* End PBXVariantGroup section */

/* Begin XCBuildConfiguration section */
		4C66F6E71DD5734600E0729C /* Debug */ = {
			isa = XCBuildConfiguration;
			buildSettings = {
				ALWAYS_SEARCH_USER_PATHS = NO;
				CLANG_ANALYZER_NONNULL = YES;
				CLANG_CXX_LANGUAGE_STANDARD = "gnu++0x";
				CLANG_CXX_LIBRARY = "libc++";
				CLANG_ENABLE_MODULES = YES;
				CLANG_ENABLE_OBJC_ARC = YES;
				CLANG_WARN_BOOL_CONVERSION = YES;
				CLANG_WARN_CONSTANT_CONVERSION = YES;
				CLANG_WARN_DIRECT_OBJC_ISA_USAGE = YES_ERROR;
				CLANG_WARN_DOCUMENTATION_COMMENTS = YES;
				CLANG_WARN_EMPTY_BODY = YES;
				CLANG_WARN_ENUM_CONVERSION = YES;
				CLANG_WARN_INFINITE_RECURSION = YES;
				CLANG_WARN_INT_CONVERSION = YES;
				CLANG_WARN_OBJC_ROOT_CLASS = YES_ERROR;
				CLANG_WARN_SUSPICIOUS_MOVE = YES;
				CLANG_WARN_SUSPICIOUS_MOVES = YES;
				CLANG_WARN_UNREACHABLE_CODE = YES;
				CLANG_WARN__DUPLICATE_METHOD_MATCH = YES;
				"CODE_SIGN_IDENTITY[sdk=iphoneos*]" = "iPhone Developer";
				COPY_PHASE_STRIP = NO;
				DEBUG_INFORMATION_FORMAT = dwarf;
				ENABLE_STRICT_OBJC_MSGSEND = YES;
				ENABLE_TESTABILITY = YES;
				GCC_C_LANGUAGE_STANDARD = gnu99;
				GCC_DYNAMIC_NO_PIC = NO;
				GCC_NO_COMMON_BLOCKS = YES;
				GCC_OPTIMIZATION_LEVEL = 0;
				GCC_PREPROCESSOR_DEFINITIONS = (
					"DEBUG=1",
					"$(inherited)",
				);
				GCC_WARN_64_TO_32_BIT_CONVERSION = YES;
				GCC_WARN_ABOUT_RETURN_TYPE = YES_ERROR;
				GCC_WARN_UNDECLARED_SELECTOR = YES;
				GCC_WARN_UNINITIALIZED_AUTOS = YES_AGGRESSIVE;
				GCC_WARN_UNUSED_FUNCTION = YES;
				GCC_WARN_UNUSED_VARIABLE = YES;
				IPHONEOS_DEPLOYMENT_TARGET = 8.0;
				MTL_ENABLE_DEBUG_INFO = YES;
				ONLY_ACTIVE_ARCH = YES;
				SDKROOT = iphoneos;
			};
			name = Debug;
		};
		4C66F6E81DD5734600E0729C /* Release */ = {
			isa = XCBuildConfiguration;
			buildSettings = {
				ALWAYS_SEARCH_USER_PATHS = NO;
				CLANG_ANALYZER_NONNULL = YES;
				CLANG_CXX_LANGUAGE_STANDARD = "gnu++0x";
				CLANG_CXX_LIBRARY = "libc++";
				CLANG_ENABLE_MODULES = YES;
				CLANG_ENABLE_OBJC_ARC = YES;
				CLANG_WARN_BOOL_CONVERSION = YES;
				CLANG_WARN_CONSTANT_CONVERSION = YES;
				CLANG_WARN_DIRECT_OBJC_ISA_USAGE = YES_ERROR;
				CLANG_WARN_DOCUMENTATION_COMMENTS = YES;
				CLANG_WARN_EMPTY_BODY = YES;
				CLANG_WARN_ENUM_CONVERSION = YES;
				CLANG_WARN_INFINITE_RECURSION = YES;
				CLANG_WARN_INT_CONVERSION = YES;
				CLANG_WARN_OBJC_ROOT_CLASS = YES_ERROR;
				CLANG_WARN_SUSPICIOUS_MOVE = YES;
				CLANG_WARN_SUSPICIOUS_MOVES = YES;
				CLANG_WARN_UNREACHABLE_CODE = YES;
				CLANG_WARN__DUPLICATE_METHOD_MATCH = YES;
				"CODE_SIGN_IDENTITY[sdk=iphoneos*]" = "iPhone Developer";
				COPY_PHASE_STRIP = NO;
				DEBUG_INFORMATION_FORMAT = "dwarf-with-dsym";
				ENABLE_NS_ASSERTIONS = NO;
				ENABLE_STRICT_OBJC_MSGSEND = YES;
				GCC_C_LANGUAGE_STANDARD = gnu99;
				GCC_NO_COMMON_BLOCKS = YES;
				GCC_WARN_64_TO_32_BIT_CONVERSION = YES;
				GCC_WARN_ABOUT_RETURN_TYPE = YES_ERROR;
				GCC_WARN_UNDECLARED_SELECTOR = YES;
				GCC_WARN_UNINITIALIZED_AUTOS = YES_AGGRESSIVE;
				GCC_WARN_UNUSED_FUNCTION = YES;
				GCC_WARN_UNUSED_VARIABLE = YES;
				IPHONEOS_DEPLOYMENT_TARGET = 8.0;
				MTL_ENABLE_DEBUG_INFO = NO;
				SDKROOT = iphoneos;
				VALIDATE_PRODUCT = YES;
			};
			name = Release;
		};
		4C66F6EA1DD5734600E0729C /* Debug */ = {
			isa = XCBuildConfiguration;
			baseConfigurationReference = 1980D13EA172F534BBD2E549 /* Pods.debug.xcconfig */;
			buildSettings = {
				ASSETCATALOG_COMPILER_APPICON_NAME = AppIcon;
				DEVELOPMENT_TEAM = NMV968UAH7;
				INFOPLIST_FILE = MichaelObject/Info.plist;
				IPHONEOS_DEPLOYMENT_TARGET = 8.0;
				LD_RUNPATH_SEARCH_PATHS = "$(inherited) @executable_path/Frameworks";
				LIBRARY_SEARCH_PATHS = (
					"$(inherited)",
					"$(PROJECT_DIR)/MichaelObject/Class/Libs/JPushlib",
				);
				PRODUCT_BUNDLE_IDENTIFIER = Michael.MichaelObject;
				PRODUCT_NAME = "$(TARGET_NAME)";
			};
			name = Debug;
		};
		4C66F6EB1DD5734600E0729C /* Release */ = {
			isa = XCBuildConfiguration;
			baseConfigurationReference = B1E30FCE8BB3607F96F96994 /* Pods.release.xcconfig */;
			buildSettings = {
				ASSETCATALOG_COMPILER_APPICON_NAME = AppIcon;
				DEVELOPMENT_TEAM = NMV968UAH7;
				INFOPLIST_FILE = MichaelObject/Info.plist;
				IPHONEOS_DEPLOYMENT_TARGET = 8.0;
				LD_RUNPATH_SEARCH_PATHS = "$(inherited) @executable_path/Frameworks";
				LIBRARY_SEARCH_PATHS = (
					"$(inherited)",
					"$(PROJECT_DIR)/MichaelObject/Class/Libs/JPushlib",
				);
				PRODUCT_BUNDLE_IDENTIFIER = Michael.MichaelObject;
				PRODUCT_NAME = "$(TARGET_NAME)";
			};
			name = Release;
		};
		4C66F6ED1DD5734600E0729C /* Debug */ = {
			isa = XCBuildConfiguration;
			buildSettings = {
				BUNDLE_LOADER = "$(TEST_HOST)";
				DEVELOPMENT_TEAM = NMV968UAH7;
				INFOPLIST_FILE = MichaelObjectTests/Info.plist;
				LD_RUNPATH_SEARCH_PATHS = "$(inherited) @executable_path/Frameworks @loader_path/Frameworks";
				PRODUCT_BUNDLE_IDENTIFIER = Michael.MichaelObjectTests;
				PRODUCT_NAME = "$(TARGET_NAME)";
				TEST_HOST = "$(BUILT_PRODUCTS_DIR)/MichaelObject.app/MichaelObject";
			};
			name = Debug;
		};
		4C66F6EE1DD5734600E0729C /* Release */ = {
			isa = XCBuildConfiguration;
			buildSettings = {
				BUNDLE_LOADER = "$(TEST_HOST)";
				DEVELOPMENT_TEAM = NMV968UAH7;
				INFOPLIST_FILE = MichaelObjectTests/Info.plist;
				LD_RUNPATH_SEARCH_PATHS = "$(inherited) @executable_path/Frameworks @loader_path/Frameworks";
				PRODUCT_BUNDLE_IDENTIFIER = Michael.MichaelObjectTests;
				PRODUCT_NAME = "$(TARGET_NAME)";
				TEST_HOST = "$(BUILT_PRODUCTS_DIR)/MichaelObject.app/MichaelObject";
			};
			name = Release;
		};
		4C66F6F01DD5734600E0729C /* Debug */ = {
			isa = XCBuildConfiguration;
			buildSettings = {
				DEVELOPMENT_TEAM = NMV968UAH7;
				INFOPLIST_FILE = MichaelObjectUITests/Info.plist;
				LD_RUNPATH_SEARCH_PATHS = "$(inherited) @executable_path/Frameworks @loader_path/Frameworks";
				PRODUCT_BUNDLE_IDENTIFIER = Michael.MichaelObjectUITests;
				PRODUCT_NAME = "$(TARGET_NAME)";
				TEST_TARGET_NAME = MichaelObject;
			};
			name = Debug;
		};
		4C66F6F11DD5734600E0729C /* Release */ = {
			isa = XCBuildConfiguration;
			buildSettings = {
				DEVELOPMENT_TEAM = NMV968UAH7;
				INFOPLIST_FILE = MichaelObjectUITests/Info.plist;
				LD_RUNPATH_SEARCH_PATHS = "$(inherited) @executable_path/Frameworks @loader_path/Frameworks";
				PRODUCT_BUNDLE_IDENTIFIER = Michael.MichaelObjectUITests;
				PRODUCT_NAME = "$(TARGET_NAME)";
				TEST_TARGET_NAME = MichaelObject;
			};
			name = Release;
		};
/* End XCBuildConfiguration section */

/* Begin XCConfigurationList section */
		4C66F6B71DD5734500E0729C /* Build configuration list for PBXProject "MichaelObject" */ = {
			isa = XCConfigurationList;
			buildConfigurations = (
				4C66F6E71DD5734600E0729C /* Debug */,
				4C66F6E81DD5734600E0729C /* Release */,
			);
			defaultConfigurationIsVisible = 0;
			defaultConfigurationName = Release;
		};
		4C66F6E91DD5734600E0729C /* Build configuration list for PBXNativeTarget "MichaelObject" */ = {
			isa = XCConfigurationList;
			buildConfigurations = (
				4C66F6EA1DD5734600E0729C /* Debug */,
				4C66F6EB1DD5734600E0729C /* Release */,
			);
			defaultConfigurationIsVisible = 0;
			defaultConfigurationName = Release;
		};
		4C66F6EC1DD5734600E0729C /* Build configuration list for PBXNativeTarget "MichaelObjectTests" */ = {
			isa = XCConfigurationList;
			buildConfigurations = (
				4C66F6ED1DD5734600E0729C /* Debug */,
				4C66F6EE1DD5734600E0729C /* Release */,
			);
			defaultConfigurationIsVisible = 0;
			defaultConfigurationName = Release;
		};
		4C66F6EF1DD5734600E0729C /* Build configuration list for PBXNativeTarget "MichaelObjectUITests" */ = {
			isa = XCConfigurationList;
			buildConfigurations = (
				4C66F6F01DD5734600E0729C /* Debug */,
				4C66F6F11DD5734600E0729C /* Release */,
			);
			defaultConfigurationIsVisible = 0;
			defaultConfigurationName = Release;
		};
/* End XCConfigurationList section */
	};
	rootObject = 4C66F6B41DD5734500E0729C /* Project object */;
}
